
Microsoft Visual Studio Solution File, Format Version 12.00
# Visual Studio Version 17
VisualStudioVersion = 17.13.35825.156 d17.13
MinimumVisualStudioVersion = 10.0.40219.1
Project("{FAE04EC0-301F-11D3-BF4B-00C04F79EFBC}") = "InventorySystem", "InventorySystem.csproj", "{4675A4DD-9F55-4663-955B-40A9962E4D95}"
EndProject
Global
	GlobalSection(SolutionConfigurationPlatforms) = preSolution
		Debug|Any CPU = Debug|Any CPU
		Release|Any CPU = Release|Any CPU
	EndGlobalSection
	GlobalSection(ProjectConfigurationPlatforms) = postSolution
		{4675A4DD-9F55-4663-955B-40A9962E4D95}.Debug|Any CPU.ActiveCfg = Debug|Any CPU
		{4675A4DD-9F55-4663-955B-40A9962E4D95}.Debug|Any CPU.Build.0 = Debug|Any CPU
		{4675A4DD-9F55-4663-955B-40A9962E4D95}.Release|Any CPU.ActiveCfg = Release|Any CPU
		{4675A4DD-9F55-4663-955B-40A9962E4D95}.Release|Any CPU.Build.0 = Release|Any CPU
	EndGlobalSection
	GlobalSection(SolutionProperties) = preSolution
		HideSolutionNode = FALSE
	EndGlobalSection
	GlobalSection(ExtensibilityGlobals) = postSolution
		SolutionGuid = {746CF03D-128E-458D-AC20-C75836626077}
	EndGlobalSection
EndGlobal
